# This file is automatically @generated by Poetry 1.8.3 and should not be changed by hand.

[[package]]
name = "anyio"
version = "4.4.0"
description = "High level compatibility layer for multiple asynchronous event loop implementations"
optional = false
python-versions = ">=3.8"
files = [
    {file = "anyio-4.4.0-py3-none-any.whl", hash = "sha256:c1b2d8f46a8a812513012e1107cb0e68c17159a7a594208005a57dc776e1bdc7"},
    {file = "anyio-4.4.0.tar.gz", hash = "sha256:5aadc6a1bbb7cdb0bede386cac5e2940f5e2ff3aa20277e991cf028e0585ce94"},
]

[package.dependencies]
idna = ">=2.8"
sniffio = ">=1.1"

[package.extras]
doc = ["Sphinx (>=7)", "packaging", "sphinx-autodoc-typehints (>=1.2.0)", "sphinx-rtd-theme"]
test = ["anyio[trio]", "coverage[toml] (>=7)", "exceptiongroup (>=1.2.0)", "hypothesis (>=4.0)", "psutil (>=5.9)", "pytest (>=7.0)", "pytest-mock (>=3.6.1)", "trustme", "uvloop (>=0.17)"]
trio = ["trio (>=0.23)"]

[[package]]
name = "certifi"
version = "2024.7.4"
description = "Python package for providing Mozilla's CA Bundle."
optional = false
python-versions = ">=3.6"
files = [
    {file = "certifi-2024.7.4-py3-none-any.whl", hash = "sha256:c198e21b1289c2ab85ee4e67bb4b4ef3ead0892059901a8d5b622f24a1101e90"},
    {file = "certifi-2024.7.4.tar.gz", hash = "sha256:5a1e7645bc0ec61a09e26c36f6106dd4cf40c6db3a1fb6352b0244e7fb057c7b"},
]

[[package]]
name = "cleo"
version = "2.1.0"
description = "Cleo allows you to create beautiful and testable command-line interfaces."
optional = false
python-versions = ">=3.7,<4.0"
files = [
    {file = "cleo-2.1.0-py3-none-any.whl", hash = "sha256:4a31bd4dd45695a64ee3c4758f583f134267c2bc518d8ae9a29cf237d009b07e"},
    {file = "cleo-2.1.0.tar.gz", hash = "sha256:0b2c880b5d13660a7ea651001fb4acb527696c01f15c9ee650f377aa543fd523"},
]

[package.dependencies]
crashtest = ">=0.4.1,<0.5.0"
rapidfuzz = ">=3.0.0,<4.0.0"

[[package]]
name = "colorama"
version = "0.4.6"
description = "Cross-platform colored terminal text."
optional = false
python-versions = "!=3.0.*,!=3.1.*,!=3.2.*,!=3.3.*,!=3.4.*,!=3.5.*,!=3.6.*,>=2.7"
files = [
    {file = "colorama-0.4.6-py2.py3-none-any.whl", hash = "sha256:4f1d9991f5acc0ca119f9d443620b77f9d6b33703e51011c16baf57afb285fc6"},
    {file = "colorama-0.4.6.tar.gz", hash = "sha256:08695f5cb7ed6e0531a20572697297273c47b8cae5a63ffc6d6ed5c201be6e44"},
]

[[package]]
name = "crashtest"
version = "0.4.1"
description = "Manage Python errors with ease"
optional = false
python-versions = ">=3.7,<4.0"
files = [
    {file = "crashtest-0.4.1-py3-none-any.whl", hash = "sha256:8d23eac5fa660409f57472e3851dab7ac18aba459a8d19cbbba86d3d5aecd2a5"},
    {file = "crashtest-0.4.1.tar.gz", hash = "sha256:80d7b1f316ebfbd429f648076d6275c877ba30ba48979de4191714a75266f0ce"},
]

[[package]]
name = "h11"
version = "0.14.0"
description = "A pure-Python, bring-your-own-I/O implementation of HTTP/1.1"
optional = false
python-versions = ">=3.7"
files = [
    {file = "h11-0.14.0-py3-none-any.whl", hash = "sha256:e3fe4ac4b851c468cc8363d500db52c2ead036020723024a109d37346efaa761"},
    {file = "h11-0.14.0.tar.gz", hash = "sha256:8f19fbbe99e72420ff35c00b27a34cb9937e902a8b810e2c88300c6f0a3b699d"},
]

[[package]]
name = "httpcore"
version = "1.0.5"
description = "A minimal low-level HTTP client."
optional = false
python-versions = ">=3.8"
files = [
    {file = "httpcore-1.0.5-py3-none-any.whl", hash = "sha256:421f18bac248b25d310f3cacd198d55b8e6125c107797b609ff9b7a6ba7991b5"},
    {file = "httpcore-1.0.5.tar.gz", hash = "sha256:34a38e2f9291467ee3b44e89dd52615370e152954ba21721378a87b2960f7a61"},
]

[package.dependencies]
certifi = "*"
h11 = ">=0.13,<0.15"

[package.extras]
asyncio = ["anyio (>=4.0,<5.0)"]
http2 = ["h2 (>=3,<5)"]
socks = ["socksio (==1.*)"]
trio = ["trio (>=0.22.0,<0.26.0)"]

[[package]]
name = "httpx"
version = "0.26.0"
description = "The next generation HTTP client."
optional = false
python-versions = ">=3.8"
files = [
    {file = "httpx-0.26.0-py3-none-any.whl", hash = "sha256:8915f5a3627c4d47b73e8202457cb28f1266982d1159bd5779d86a80c0eab1cd"},
    {file = "httpx-0.26.0.tar.gz", hash = "sha256:451b55c30d5185ea6b23c2c793abf9bb237d2a7dfb901ced6ff69ad37ec1dfaf"},
]

[package.dependencies]
anyio = "*"
certifi = "*"
httpcore = "==1.*"
idna = "*"
sniffio = "*"

[package.extras]
brotli = ["brotli", "brotlicffi"]
cli = ["click (==8.*)", "pygments (==2.*)", "rich (>=10,<14)"]
http2 = ["h2 (>=3,<5)"]
socks = ["socksio (==1.*)"]

[[package]]
name = "idna"
version = "3.7"
description = "Internationalized Domain Names in Applications (IDNA)"
optional = false
python-versions = ">=3.5"
files = [
    {file = "idna-3.7-py3-none-any.whl", hash = "sha256:82fee1fc78add43492d3a1898bfa6d8a904cc97d8427f683ed8e798d07761aa0"},
    {file = "idna-3.7.tar.gz", hash = "sha256:028ff3aadf0609c1fd278d8ea3089299412a7a8b9bd005dd08b9f8285bcb5cfc"},
]

[[package]]
name = "iniconfig"
version = "2.0.0"
description = "brain-dead simple config-ini parsing"
optional = false
python-versions = ">=3.7"
files = [
    {file = "iniconfig-2.0.0-py3-none-any.whl", hash = "sha256:b6a85871a79d2e3b22d2d1b94ac2824226a63c6b741c88f7ae975f18b6778374"},
    {file = "iniconfig-2.0.0.tar.gz", hash = "sha256:2d91e135bf72d31a410b17c16da610a82cb55f6b0477d1a902134b24a455b8b3"},
]

[[package]]
name = "mock"
version = "5.1.0"
description = "Rolling backport of unittest.mock for all Pythons"
optional = false
python-versions = ">=3.6"
files = [
    {file = "mock-5.1.0-py3-none-any.whl", hash = "sha256:18c694e5ae8a208cdb3d2c20a993ca1a7b0efa258c247a1e565150f477f83744"},
    {file = "mock-5.1.0.tar.gz", hash = "sha256:5e96aad5ccda4718e0a229ed94b2024df75cc2d55575ba5762d31f5767b8767d"},
]

[package.extras]
build = ["blurb", "twine", "wheel"]
docs = ["sphinx"]
test = ["pytest", "pytest-cov"]

[[package]]
name = "packaging"
version = "24.1"
description = "Core utilities for Python packages"
optional = false
python-versions = ">=3.8"
files = [
    {file = "packaging-24.1-py3-none-any.whl", hash = "sha256:5b8f2217dbdbd2f7f384c41c628544e6d52f2d0f53c6d0c3ea61aa5d1d7ff124"},
    {file = "packaging-24.1.tar.gz", hash = "sha256:026ed72c8ed3fcce5bf8950572258698927fd1dbda10a5e981cdf0ac37f4f002"},
]

[[package]]
name = "pluggy"
version = "1.5.0"
description = "plugin and hook calling mechanisms for python"
optional = false
python-versions = ">=3.8"
files = [
    {file = "pluggy-1.5.0-py3-none-any.whl", hash = "sha256:44e1ad92c8ca002de6377e165f3e0f1be63266ab4d554740532335b9d75ea669"},
    {file = "pluggy-1.5.0.tar.gz", hash = "sha256:2cffa88e94fdc978c4c574f15f9e59b7f4201d439195c3715ca9e2486f1d0cf1"},
]

[package.extras]
dev = ["pre-commit", "tox"]
testing = ["pytest", "pytest-benchmark"]

[[package]]
name = "pytest"
version = "8.3.2"
description = "pytest: simple powerful testing with Python"
optional = false
python-versions = ">=3.8"
files = [
    {file = "pytest-8.3.2-py3-none-any.whl", hash = "sha256:4ba08f9ae7dcf84ded419494d229b48d0903ea6407b030eaec46df5e6a73bba5"},
    {file = "pytest-8.3.2.tar.gz", hash = "sha256:c132345d12ce551242c87269de812483f5bcc87cdbb4722e48487ba194f9fdce"},
]

[package.dependencies]
colorama = {version = "*", markers = "sys_platform == \"win32\""}
iniconfig = "*"
packaging = "*"
pluggy = ">=1.5,<2"

[package.extras]
dev = ["argcomplete", "attrs (>=19.2)", "hypothesis (>=3.56)", "mock", "pygments (>=2.7.2)", "requests", "setuptools", "xmlschema"]

[[package]]
name = "pytest-env"
version = "1.1.3"
description = "pytest plugin that allows you to add environment variables."
optional = false
python-versions = ">=3.8"
files = [
    {file = "pytest_env-1.1.3-py3-none-any.whl", hash = "sha256:aada77e6d09fcfb04540a6e462c58533c37df35fa853da78707b17ec04d17dfc"},
    {file = "pytest_env-1.1.3.tar.gz", hash = "sha256:fcd7dc23bb71efd3d35632bde1bbe5ee8c8dc4489d6617fb010674880d96216b"},
]

[package.dependencies]
pytest = ">=7.4.3"

[package.extras]
test = ["covdefaults (>=2.3)", "coverage (>=7.3.2)", "pytest-mock (>=3.12)"]

[[package]]
name = "pytest-subprocess"
version = "1.5.2"
description = "A plugin to fake subprocess for pytest"
optional = false
python-versions = ">=3.6"
files = [
    {file = "pytest_subprocess-1.5.2-py3-none-any.whl", hash = "sha256:23ac7732aa8bd45f1757265b1316eb72a7f55b41fb21e2ca22e149ba3629fa46"},
    {file = "pytest_subprocess-1.5.2.tar.gz", hash = "sha256:ad3ca8a35e798bf9c82d9f16d88700b30d98c5a28236117b86c5d6e581a8ed97"},
]

[package.dependencies]
pytest = ">=4.0.0"

[package.extras]
dev = ["changelogd", "nox"]
docs = ["changelogd", "furo", "sphinx", "sphinx-autodoc-typehints", "sphinxcontrib-napoleon"]
test = ["Pygments (>=2.0)", "anyio", "coverage", "docutils (>=0.12)", "pytest (>=4.0)", "pytest-asyncio (>=0.15.1)", "pytest-rerunfailures", "pytest-timeout"]

[[package]]
name = "rapidfuzz"
version = "3.9.6"
description = "rapid fuzzy string matching"
optional = false
python-versions = ">=3.8"
files = [
    {file = "rapidfuzz-3.9.6-cp310-cp310-macosx_10_9_x86_64.whl", hash = "sha256:a7ed0d0b9c85720f0ae33ac5efc8dc3f60c1489dad5c29d735fbdf2f66f0431f"},
    {file = "rapidfuzz-3.9.6-cp310-cp310-macosx_11_0_arm64.whl", hash = "sha256:f3deff6ab7017ed21b9aec5874a07ad13e6b2a688af055837f88b743c7bfd947"},
    {file = "rapidfuzz-3.9.6-cp310-cp310-manylinux_2_17_aarch64.manylinux2014_aarch64.whl", hash = "sha256:5c3f9fc060160507b2704f7d1491bd58453d69689b580cbc85289335b14fe8ca"},
    {file = "rapidfuzz-3.9.6-cp310-cp310-manylinux_2_17_i686.manylinux2014_i686.whl", hash = "sha256:c4e86c2b3827fa6169ad6e7d4b790ce02a20acefb8b78d92fa4249589bbc7a2c"},
    {file = "rapidfuzz-3.9.6-cp310-cp310-manylinux_2_17_ppc64le.manylinux2014_ppc64le.whl", hash = "sha256:f982e1aafb4bd8207a5e073b1efef9e68a984e91330e1bbf364f9ed157ed83f0"},
    {file = "rapidfuzz-3.9.6-cp310-cp310-manylinux_2_17_s390x.manylinux2014_s390x.whl", hash = "sha256:9196a51d0ec5eaaaf5bca54a85b7b1e666fc944c332f68e6427503af9fb8c49e"},
    {file = "rapidfuzz-3.9.6-cp310-cp310-manylinux_2_17_x86_64.manylinux2014_x86_64.whl", hash = "sha256:fb5a514064e02585b1cc09da2fe406a6dc1a7e5f3e92dd4f27c53e5f1465ec81"},
    {file = "rapidfuzz-3.9.6-cp310-cp310-musllinux_1_2_aarch64.whl", hash = "sha256:e3a4244f65dbc3580b1275480118c3763f9dc29fc3dd96610560cb5e140a4d4a"},
    {file = "rapidfuzz-3.9.6-cp310-cp310-musllinux_1_2_i686.whl", hash = "sha256:f6ebb910a702e41641e1e1dada3843bc11ba9107a33c98daef6945a885a40a07"},
    {file = "rapidfuzz-3.9.6-cp310-cp310-musllinux_1_2_ppc64le.whl", hash = "sha256:624fbe96115fb39addafa288d583b5493bc76dab1d34d0ebba9987d6871afdf9"},
    {file = "rapidfuzz-3.9.6-cp310-cp310-musllinux_1_2_s390x.whl", hash = "sha256:1c59f1c1507b7a557cf3c410c76e91f097460da7d97e51c985343798e9df7a3c"},
    {file = "rapidfuzz-3.9.6-cp310-cp310-musllinux_1_2_x86_64.whl", hash = "sha256:f6f0256cb27b6a0fb2e1918477d1b56473cd04acfa245376a342e7c15806a396"},
    {file = "rapidfuzz-3.9.6-cp310-cp310-win32.whl", hash = "sha256:24d473d00d23a30a85802b502b417a7f5126019c3beec91a6739fe7b95388b24"},
    {file = "rapidfuzz-3.9.6-cp310-cp310-win_amd64.whl", hash = "sha256:248f6d2612e661e2b5f9a22bbd5862a1600e720da7bb6ad8a55bb1548cdfa423"},
    {file = "rapidfuzz-3.9.6-cp310-cp310-win_arm64.whl", hash = "sha256:e03fdf0e74f346ed7e798135df5f2a0fb8d6b96582b00ebef202dcf2171e1d1d"},
    {file = "rapidfuzz-3.9.6-cp311-cp311-macosx_10_9_x86_64.whl", hash = "sha256:52e4675f642fbc85632f691b67115a243cd4d2a47bdcc4a3d9a79e784518ff97"},
    {file = "rapidfuzz-3.9.6-cp311-cp311-macosx_11_0_arm64.whl", hash = "sha256:1f93a2f13038700bd245b927c46a2017db3dcd4d4ff94687d74b5123689b873b"},
    {file = "rapidfuzz-3.9.6-cp311-cp311-manylinux_2_17_aarch64.manylinux2014_aarch64.whl", hash = "sha256:42b70500bca460264b8141d8040caee22e9cf0418c5388104ff0c73fb69ee28f"},
    {file = "rapidfuzz-3.9.6-cp311-cp311-manylinux_2_17_i686.manylinux2014_i686.whl", hash = "sha256:a1e037fb89f714a220f68f902fc6300ab7a33349f3ce8ffae668c3b3a40b0b06"},
    {file = "rapidfuzz-3.9.6-cp311-cp311-manylinux_2_17_ppc64le.manylinux2014_ppc64le.whl", hash = "sha256:6792f66d59b86ccfad5e247f2912e255c85c575789acdbad8e7f561412ffed8a"},
    {file = "rapidfuzz-3.9.6-cp311-cp311-manylinux_2_17_s390x.manylinux2014_s390x.whl", hash = "sha256:68d9cffe710b67f1969cf996983608cee4490521d96ea91d16bd7ea5dc80ea98"},
    {file = "rapidfuzz-3.9.6-cp311-cp311-manylinux_2_17_x86_64.manylinux2014_x86_64.whl", hash = "sha256:63daaeeea76da17fa0bbe7fb05cba8ed8064bb1a0edf8360636557f8b6511961"},
    {file = "rapidfuzz-3.9.6-cp311-cp311-musllinux_1_2_aarch64.whl", hash = "sha256:d214e063bffa13e3b771520b74f674b22d309b5720d4df9918ff3e0c0f037720"},
    {file = "rapidfuzz-3.9.6-cp311-cp311-musllinux_1_2_i686.whl", hash = "sha256:ed443a2062460f44c0346cb9d269b586496b808c2419bbd6057f54061c9b9c75"},
    {file = "rapidfuzz-3.9.6-cp311-cp311-musllinux_1_2_ppc64le.whl", hash = "sha256:5b0c9b227ee0076fb2d58301c505bb837a290ae99ee628beacdb719f0626d749"},
    {file = "rapidfuzz-3.9.6-cp311-cp311-musllinux_1_2_s390x.whl", hash = "sha256:82c9722b7dfaa71e8b61f8c89fed0482567fb69178e139fe4151fc71ed7df782"},
    {file = "rapidfuzz-3.9.6-cp311-cp311-musllinux_1_2_x86_64.whl", hash = "sha256:c18897c95c0a288347e29537b63608a8f63a5c3cb6da258ac46fcf89155e723e"},
    {file = "rapidfuzz-3.9.6-cp311-cp311-win32.whl", hash = "sha256:3e910cf08944da381159587709daaad9e59d8ff7bca1f788d15928f3c3d49c2a"},
    {file = "rapidfuzz-3.9.6-cp311-cp311-win_amd64.whl", hash = "sha256:59c4a61fab676d37329fc3a671618a461bfeef53a4d0b8b12e3bc24a14e166f8"},
    {file = "rapidfuzz-3.9.6-cp311-cp311-win_arm64.whl", hash = "sha256:8b4afea244102332973377fddbe54ce844d0916e1c67a5123432291717f32ffa"},
    {file = "rapidfuzz-3.9.6-cp312-cp312-macosx_10_9_x86_64.whl", hash = "sha256:70591b28b218fff351b88cdd7f2359a01a71f9f7f5a2e465ce3715ed4b3c422b"},
    {file = "rapidfuzz-3.9.6-cp312-cp312-macosx_11_0_arm64.whl", hash = "sha256:ee2d8355c7343c631a03e57540ea06e8717c19ecf5ff64ea07e0498f7f161457"},
    {file = "rapidfuzz-3.9.6-cp312-cp312-manylinux_2_17_aarch64.manylinux2014_aarch64.whl", hash = "sha256:708fb675de0f47b9635d1cc6fbbf80d52cb710d0a1abbfae5c84c46e3abbddc3"},
    {file = "rapidfuzz-3.9.6-cp312-cp312-manylinux_2_17_i686.manylinux2014_i686.whl", hash = "sha256:1d66c247c2d3bb7a9b60567c395a15a929d0ebcc5f4ceedb55bfa202c38c6e0c"},
    {file = "rapidfuzz-3.9.6-cp312-cp312-manylinux_2_17_ppc64le.manylinux2014_ppc64le.whl", hash = "sha256:15146301b32e6e3d2b7e8146db1a26747919d8b13690c7f83a4cb5dc111b3a08"},
    {file = "rapidfuzz-3.9.6-cp312-cp312-manylinux_2_17_s390x.manylinux2014_s390x.whl", hash = "sha256:a7a03da59b6c7c97e657dd5cd4bcaab5fe4a2affd8193958d6f4d938bee36679"},
    {file = "rapidfuzz-3.9.6-cp312-cp312-manylinux_2_17_x86_64.manylinux2014_x86_64.whl", hash = "sha256:0d2c2fe19e392dbc22695b6c3b2510527e2b774647e79936bbde49db7742d6f1"},
    {file = "rapidfuzz-3.9.6-cp312-cp312-musllinux_1_2_aarch64.whl", hash = "sha256:91aaee4c94cb45930684f583ffc4e7c01a52b46610971cede33586cf8a04a12e"},
    {file = "rapidfuzz-3.9.6-cp312-cp312-musllinux_1_2_i686.whl", hash = "sha256:3f5702828c10768f9281180a7ff8597da1e5002803e1304e9519dd0f06d79a85"},
    {file = "rapidfuzz-3.9.6-cp312-cp312-musllinux_1_2_ppc64le.whl", hash = "sha256:ccd1763b608fb4629a0b08f00b3c099d6395e67c14e619f6341b2c8429c2f310"},
    {file = "rapidfuzz-3.9.6-cp312-cp312-musllinux_1_2_s390x.whl", hash = "sha256:cc7a0d4b2cb166bc46d02c8c9f7551cde8e2f3c9789df3827309433ee9771163"},
    {file = "rapidfuzz-3.9.6-cp312-cp312-musllinux_1_2_x86_64.whl", hash = "sha256:7496f53d40560a58964207b52586783633f371683834a8f719d6d965d223a2eb"},
    {file = "rapidfuzz-3.9.6-cp312-cp312-win32.whl", hash = "sha256:5eb1a9272ca71bc72be5415c2fa8448a6302ea4578e181bb7da9db855b367df0"},
    {file = "rapidfuzz-3.9.6-cp312-cp312-win_amd64.whl", hash = "sha256:0d21fc3c0ca507a1180152a6dbd129ebaef48facde3f943db5c1055b6e6be56a"},
    {file = "rapidfuzz-3.9.6-cp312-cp312-win_arm64.whl", hash = "sha256:43bb27a57c29dc5fa754496ba6a1a508480d21ae99ac0d19597646c16407e9f3"},
    {file = "rapidfuzz-3.9.6-cp313-cp313-macosx_10_13_x86_64.whl", hash = "sha256:83a5ac6547a9d6eedaa212975cb8f2ce2aa07e6e30833b40e54a52b9f9999aa4"},
    {file = "rapidfuzz-3.9.6-cp313-cp313-macosx_11_0_arm64.whl", hash = "sha256:10f06139142ecde67078ebc9a745965446132b998f9feebffd71acdf218acfcc"},
    {file = "rapidfuzz-3.9.6-cp313-cp313-manylinux_2_17_aarch64.manylinux2014_aarch64.whl", hash = "sha256:74720c3f24597f76c7c3e2c4abdff55f1664f4766ff5b28aeaa689f8ffba5fab"},
    {file = "rapidfuzz-3.9.6-cp313-cp313-manylinux_2_17_i686.manylinux2014_i686.whl", hash = "sha256:ce2bce52b5c150878e558a0418c2b637fb3dbb6eb38e4eb27d24aa839920483e"},
    {file = "rapidfuzz-3.9.6-cp313-cp313-manylinux_2_17_ppc64le.manylinux2014_ppc64le.whl", hash = "sha256:1611199f178793ca9a060c99b284e11f6d7d124998191f1cace9a0245334d219"},
    {file = "rapidfuzz-3.9.6-cp313-cp313-manylinux_2_17_s390x.manylinux2014_s390x.whl", hash = "sha256:0308b2ad161daf502908a6e21a57c78ded0258eba9a8f5e2545e2dafca312507"},
    {file = "rapidfuzz-3.9.6-cp313-cp313-manylinux_2_17_x86_64.manylinux2014_x86_64.whl", hash = "sha256:3eda91832201b86e3b70835f91522587725bec329ec68f2f7faf5124091e5ca7"},
    {file = "rapidfuzz-3.9.6-cp313-cp313-musllinux_1_2_aarch64.whl", hash = "sha256:ece873c093aedd87fc07c2a7e333d52e458dc177016afa1edaf157e82b6914d8"},
    {file = "rapidfuzz-3.9.6-cp313-cp313-musllinux_1_2_i686.whl", hash = "sha256:d97d3c9d209d5c30172baea5966f2129e8a198fec4a1aeb2f92abb6e82a2edb1"},
    {file = "rapidfuzz-3.9.6-cp313-cp313-musllinux_1_2_ppc64le.whl", hash = "sha256:6c4550d0db4931f5ebe9f0678916d1b06f06f5a99ba0b8a48b9457fd8959a7d4"},
    {file = "rapidfuzz-3.9.6-cp313-cp313-musllinux_1_2_s390x.whl", hash = "sha256:b6b8dd4af6324fc325d9483bec75ecf9be33e590928c9202d408e4eafff6a0a6"},
    {file = "rapidfuzz-3.9.6-cp313-cp313-musllinux_1_2_x86_64.whl", hash = "sha256:16122ae448bc89e2bea9d81ce6cb0f751e4e07da39bd1e70b95cae2493857853"},
    {file = "rapidfuzz-3.9.6-cp313-cp313-win32.whl", hash = "sha256:71cc168c305a4445109cd0d4925406f6e66bcb48fde99a1835387c58af4ecfe9"},
    {file = "rapidfuzz-3.9.6-cp313-cp313-win_amd64.whl", hash = "sha256:59ee78f2ecd53fef8454909cda7400fe2cfcd820f62b8a5d4dfe930102268054"},
    {file = "rapidfuzz-3.9.6-cp313-cp313-win_arm64.whl", hash = "sha256:58b4ce83f223605c358ae37e7a2d19a41b96aa65b1fede99cc664c9053af89ac"},
    {file = "rapidfuzz-3.9.6-cp38-cp38-macosx_10_9_x86_64.whl", hash = "sha256:9f469dbc9c4aeaac7dd005992af74b7dff94aa56a3ea063ce64e4b3e6736dd2f"},
    {file = "rapidfuzz-3.9.6-cp38-cp38-macosx_11_0_arm64.whl", hash = "sha256:a9ed7ad9adb68d0fe63a156fe752bbf5f1403ed66961551e749641af2874da92"},
    {file = "rapidfuzz-3.9.6-cp38-cp38-manylinux_2_17_aarch64.manylinux2014_aarch64.whl", hash = "sha256:39ffe48ffbeedf78d120ddfb9d583f2ca906712159a4e9c3c743c9f33e7b1775"},
    {file = "rapidfuzz-3.9.6-cp38-cp38-manylinux_2_17_i686.manylinux2014_i686.whl", hash = "sha256:8502ccdea9084d54b6f737d96a3b60a84e3afed9d016686dc979b49cdac71613"},
    {file = "rapidfuzz-3.9.6-cp38-cp38-manylinux_2_17_ppc64le.manylinux2014_ppc64le.whl", hash = "sha256:6a4bec4956e06b170ca896ba055d08d4c457dac745548172443982956a80e118"},
    {file = "rapidfuzz-3.9.6-cp38-cp38-manylinux_2_17_s390x.manylinux2014_s390x.whl", hash = "sha256:2c0488b1c273be39e109ff885ccac0448b2fa74dea4c4dc676bcf756c15f16d6"},
    {file = "rapidfuzz-3.9.6-cp38-cp38-manylinux_2_17_x86_64.manylinux2014_x86_64.whl", hash = "sha256:0542c036cb6acf24edd2c9e0411a67d7ba71e29e4d3001a082466b86fc34ff30"},
    {file = "rapidfuzz-3.9.6-cp38-cp38-musllinux_1_2_aarch64.whl", hash = "sha256:0a96b52c9f26857bf009e270dcd829381e7a634f7ddd585fa29b87d4c82146d9"},
    {file = "rapidfuzz-3.9.6-cp38-cp38-musllinux_1_2_i686.whl", hash = "sha256:6edd3cd7c4aa8c68c716d349f531bd5011f2ca49ddade216bb4429460151559f"},
    {file = "rapidfuzz-3.9.6-cp38-cp38-musllinux_1_2_ppc64le.whl", hash = "sha256:50b2fb55d7ed58c66d49c9f954acd8fc4a3f0e9fd0ff708299bd8abb68238d0e"},
    {file = "rapidfuzz-3.9.6-cp38-cp38-musllinux_1_2_s390x.whl", hash = "sha256:32848dfe54391636b84cda1823fd23e5a6b1dbb8be0e9a1d80e4ee9903820994"},
    {file = "rapidfuzz-3.9.6-cp38-cp38-musllinux_1_2_x86_64.whl", hash = "sha256:29146cb7a1bf69c87e928b31bffa54f066cb65639d073b36e1425f98cccdebc6"},
    {file = "rapidfuzz-3.9.6-cp38-cp38-win32.whl", hash = "sha256:aed13e5edacb0ecadcc304cc66e93e7e77ff24f059c9792ee602c0381808e10c"},
    {file = "rapidfuzz-3.9.6-cp38-cp38-win_amd64.whl", hash = "sha256:af440e36b828922256d0b4d79443bf2cbe5515fc4b0e9e96017ec789b36bb9fc"},
    {file = "rapidfuzz-3.9.6-cp39-cp39-macosx_10_9_x86_64.whl", hash = "sha256:efa674b407424553024522159296690d99d6e6b1192cafe99ca84592faff16b4"},
    {file = "rapidfuzz-3.9.6-cp39-cp39-macosx_11_0_arm64.whl", hash = "sha256:0b40ff76ee19b03ebf10a0a87938f86814996a822786c41c3312d251b7927849"},
    {file = "rapidfuzz-3.9.6-cp39-cp39-manylinux_2_17_aarch64.manylinux2014_aarch64.whl", hash = "sha256:16a6c7997cb5927ced6f617122eb116ba514ec6b6f60f4803e7925ef55158891"},
    {file = "rapidfuzz-3.9.6-cp39-cp39-manylinux_2_17_i686.manylinux2014_i686.whl", hash = "sha256:f3f42504bdc8d770987fc3d99964766d42b2a03e4d5b0f891decdd256236bae0"},
    {file = "rapidfuzz-3.9.6-cp39-cp39-manylinux_2_17_ppc64le.manylinux2014_ppc64le.whl", hash = "sha256:ad9462aa2be9f60b540c19a083471fdf28e7cf6434f068b631525b5e6251b35e"},
    {file = "rapidfuzz-3.9.6-cp39-cp39-manylinux_2_17_s390x.manylinux2014_s390x.whl", hash = "sha256:1629698e68f47609a73bf9e73a6da3a4cac20bc710529215cbdf111ab603665b"},
    {file = "rapidfuzz-3.9.6-cp39-cp39-manylinux_2_17_x86_64.manylinux2014_x86_64.whl", hash = "sha256:68bc7621843d8e9a7fd1b1a32729465bf94b47b6fb307d906da168413331f8d6"},
    {file = "rapidfuzz-3.9.6-cp39-cp39-musllinux_1_2_aarch64.whl", hash = "sha256:c6254c50f15bc2fcc33cb93a95a81b702d9e6590f432a7f7822b8c7aba9ae288"},
    {file = "rapidfuzz-3.9.6-cp39-cp39-musllinux_1_2_i686.whl", hash = "sha256:7e535a114fa575bc143e175e4ca386a467ec8c42909eff500f5f0f13dc84e3e0"},
    {file = "rapidfuzz-3.9.6-cp39-cp39-musllinux_1_2_ppc64le.whl", hash = "sha256:d50acc0e9d67e4ba7a004a14c42d1b1e8b6ca1c515692746f4f8e7948c673167"},
    {file = "rapidfuzz-3.9.6-cp39-cp39-musllinux_1_2_s390x.whl", hash = "sha256:fa742ec60bec53c5a211632cf1d31b9eb5a3c80f1371a46a23ac25a1fa2ab209"},
    {file = "rapidfuzz-3.9.6-cp39-cp39-musllinux_1_2_x86_64.whl", hash = "sha256:c256fa95d29cbe5aa717db790b231a9a5b49e5983d50dc9df29d364a1db5e35b"},
    {file = "rapidfuzz-3.9.6-cp39-cp39-win32.whl", hash = "sha256:89acbf728b764421036c173a10ada436ecca22999851cdc01d0aa904c70d362d"},
    {file = "rapidfuzz-3.9.6-cp39-cp39-win_amd64.whl", hash = "sha256:c608fcba8b14d86c04cb56b203fed31a96e8a1ebb4ce99e7b70313c5bf8cf497"},
    {file = "rapidfuzz-3.9.6-cp39-cp39-win_arm64.whl", hash = "sha256:d41c00ded0e22e9dba88ff23ebe0dc9d2a5f21ba2f88e185ea7374461e61daa9"},
    {file = "rapidfuzz-3.9.6-pp310-pypy310_pp73-macosx_10_15_x86_64.whl", hash = "sha256:a65c2f63218ea2dedd56fc56361035e189ca123bd9c9ce63a9bef6f99540d681"},
    {file = "rapidfuzz-3.9.6-pp310-pypy310_pp73-macosx_11_0_arm64.whl", hash = "sha256:680dc78a5f889d3b89f74824b89fe357f49f88ad10d2c121e9c3ad37bac1e4eb"},
    {file = "rapidfuzz-3.9.6-pp310-pypy310_pp73-manylinux_2_17_aarch64.manylinux2014_aarch64.whl", hash = "sha256:b8ca862927a0b05bd825e46ddf82d0724ea44b07d898ef639386530bf9b40f15"},
    {file = "rapidfuzz-3.9.6-pp310-pypy310_pp73-manylinux_2_17_i686.manylinux2014_i686.whl", hash = "sha256:2116fa1fbff21fa52cd46f3cfcb1e193ba1d65d81f8b6e123193451cd3d6c15e"},
    {file = "rapidfuzz-3.9.6-pp310-pypy310_pp73-manylinux_2_17_x86_64.manylinux2014_x86_64.whl", hash = "sha256:4dcb7d9afd740370a897c15da61d3d57a8d54738d7c764a99cedb5f746d6a003"},
    {file = "rapidfuzz-3.9.6-pp310-pypy310_pp73-win_amd64.whl", hash = "sha256:1a5bd6401bb489e14cbb5981c378d53ede850b7cc84b2464cad606149cc4e17d"},
    {file = "rapidfuzz-3.9.6-pp38-pypy38_pp73-macosx_10_9_x86_64.whl", hash = "sha256:29fda70b9d03e29df6fc45cc27cbcc235534b1b0b2900e0a3ae0b43022aaeef5"},
    {file = "rapidfuzz-3.9.6-pp38-pypy38_pp73-macosx_11_0_arm64.whl", hash = "sha256:88144f5f52ae977df9352029488326afadd7a7f42c6779d486d1f82d43b2b1f2"},
    {file = "rapidfuzz-3.9.6-pp38-pypy38_pp73-manylinux_2_17_aarch64.manylinux2014_aarch64.whl", hash = "sha256:715aeaabafba2709b9dd91acb2a44bad59d60b4616ef90c08f4d4402a3bbca60"},
    {file = "rapidfuzz-3.9.6-pp38-pypy38_pp73-manylinux_2_17_i686.manylinux2014_i686.whl", hash = "sha256:af26ebd3714224fbf9bebbc27bdbac14f334c15f5d7043699cd694635050d6ca"},
    {file = "rapidfuzz-3.9.6-pp38-pypy38_pp73-manylinux_2_17_x86_64.manylinux2014_x86_64.whl", hash = "sha256:101bd2df438861a005ed47c032631b7857dfcdb17b82beeeb410307983aac61d"},
    {file = "rapidfuzz-3.9.6-pp38-pypy38_pp73-win_amd64.whl", hash = "sha256:2185e8e29809b97ad22a7f99281d1669a89bdf5fa1ef4ef1feca36924e675367"},
    {file = "rapidfuzz-3.9.6-pp39-pypy39_pp73-macosx_10_15_x86_64.whl", hash = "sha256:9e53c72d08f0e9c6e4a369e52df5971f311305b4487690c62e8dd0846770260c"},
    {file = "rapidfuzz-3.9.6-pp39-pypy39_pp73-macosx_11_0_arm64.whl", hash = "sha256:a0cb157162f0cdd62e538c7bd298ff669847fc43a96422811d5ab933f4c16c3a"},
    {file = "rapidfuzz-3.9.6-pp39-pypy39_pp73-manylinux_2_17_aarch64.manylinux2014_aarch64.whl", hash = "sha256:4bb5ff2bd48132ed5e7fbb8f619885facb2e023759f2519a448b2c18afe07e5d"},
    {file = "rapidfuzz-3.9.6-pp39-pypy39_pp73-manylinux_2_17_i686.manylinux2014_i686.whl", hash = "sha256:6dc37f601865e8407e3a8037ffbc3afe0b0f837b2146f7632bd29d087385babe"},
    {file = "rapidfuzz-3.9.6-pp39-pypy39_pp73-manylinux_2_17_x86_64.manylinux2014_x86_64.whl", hash = "sha256:a657eee4b94668faf1fa2703bdd803654303f7e468eb9ba10a664d867ed9e779"},
    {file = "rapidfuzz-3.9.6-pp39-pypy39_pp73-win_amd64.whl", hash = "sha256:51be6ab5b1d5bb32abd39718f2a5e3835502e026a8272d139ead295c224a6f5e"},
    {file = "rapidfuzz-3.9.6.tar.gz", hash = "sha256:5cf2a7d621e4515fee84722e93563bf77ff2cbe832a77a48b81f88f9e23b9e8d"},
]

[package.extras]
full = ["numpy"]

[[package]]
name = "sniffio"
version = "1.3.1"
description = "Sniff out which async library your code is running under"
optional = false
python-versions = ">=3.7"
files = [
    {file = "sniffio-1.3.1-py3-none-any.whl", hash = "sha256:2f6da418d1f1e0fddd844478f41680e794e6051915791a034ff65e5f100525a2"},
    {file = "sniffio-1.3.1.tar.gz", hash = "sha256:f4324edc670a0f49750a81b895f35c3adb843cca46f0530f79fc1babb23789dc"},
]

[metadata]
lock-version = "2.0"
python-versions = "^3.12"
content-hash = "b53fe9c62e79f2af5faabcc277aa801da8b13df0de0d84b243c8655900bc3acf"
