# This file is automatically @generated by Poetry 1.8.3 and should not be changed by hand.

[[package]]
name = "anyio"
version = "4.4.0"
description = "High level compatibility layer for multiple asynchronous event loop implementations"
optional = false
python-versions = ">=3.8"
files = [
    {file = "anyio-4.4.0-py3-none-any.whl", hash = "sha256:c1b2d8f46a8a812513012e1107cb0e68c17159a7a594208005a57dc776e1bdc7"},
    {file = "anyio-4.4.0.tar.gz", hash = "sha256:5aadc6a1bbb7cdb0bede386cac5e2940f5e2ff3aa20277e991cf028e0585ce94"},
]

[package.dependencies]
idna = ">=2.8"
sniffio = ">=1.1"

[package.extras]
doc = ["Sphinx (>=7)", "packaging", "sphinx-autodoc-typehints (>=1.2.0)", "sphinx-rtd-theme"]
test = ["anyio[trio]", "coverage[toml] (>=7)", "exceptiongroup (>=1.2.0)", "hypothesis (>=4.0)", "psutil (>=5.9)", "pytest (>=7.0)", "pytest-mock (>=3.6.1)", "trustme", "uvloop (>=0.17)"]
trio = ["trio (>=0.23)"]

[[package]]
name = "certifi"
version = "2024.6.2"
description = "Python package for providing Mozilla's CA Bundle."
optional = false
python-versions = ">=3.6"
files = [
    {file = "certifi-2024.6.2-py3-none-any.whl", hash = "sha256:ddc6c8ce995e6987e7faf5e3f1b02b302836a0e5d98ece18392cb1a36c72ad56"},
    {file = "certifi-2024.6.2.tar.gz", hash = "sha256:3cd43f1c6fa7dedc5899d69d3ad0398fd018ad1a17fba83ddaf78aa46c747516"},
]

[[package]]
name = "cleo"
version = "2.1.0"
description = "Cleo allows you to create beautiful and testable command-line interfaces."
optional = false
python-versions = ">=3.7,<4.0"
files = [
    {file = "cleo-2.1.0-py3-none-any.whl", hash = "sha256:4a31bd4dd45695a64ee3c4758f583f134267c2bc518d8ae9a29cf237d009b07e"},
    {file = "cleo-2.1.0.tar.gz", hash = "sha256:0b2c880b5d13660a7ea651001fb4acb527696c01f15c9ee650f377aa543fd523"},
]

[package.dependencies]
crashtest = ">=0.4.1,<0.5.0"
rapidfuzz = ">=3.0.0,<4.0.0"

[[package]]
name = "colorama"
version = "0.4.6"
description = "Cross-platform colored terminal text."
optional = false
python-versions = "!=3.0.*,!=3.1.*,!=3.2.*,!=3.3.*,!=3.4.*,!=3.5.*,!=3.6.*,>=2.7"
files = [
    {file = "colorama-0.4.6-py2.py3-none-any.whl", hash = "sha256:4f1d9991f5acc0ca119f9d443620b77f9d6b33703e51011c16baf57afb285fc6"},
    {file = "colorama-0.4.6.tar.gz", hash = "sha256:08695f5cb7ed6e0531a20572697297273c47b8cae5a63ffc6d6ed5c201be6e44"},
]

[[package]]
name = "crashtest"
version = "0.4.1"
description = "Manage Python errors with ease"
optional = false
python-versions = ">=3.7,<4.0"
files = [
    {file = "crashtest-0.4.1-py3-none-any.whl", hash = "sha256:8d23eac5fa660409f57472e3851dab7ac18aba459a8d19cbbba86d3d5aecd2a5"},
    {file = "crashtest-0.4.1.tar.gz", hash = "sha256:80d7b1f316ebfbd429f648076d6275c877ba30ba48979de4191714a75266f0ce"},
]

[[package]]
name = "h11"
version = "0.14.0"
description = "A pure-Python, bring-your-own-I/O implementation of HTTP/1.1"
optional = false
python-versions = ">=3.7"
files = [
    {file = "h11-0.14.0-py3-none-any.whl", hash = "sha256:e3fe4ac4b851c468cc8363d500db52c2ead036020723024a109d37346efaa761"},
    {file = "h11-0.14.0.tar.gz", hash = "sha256:8f19fbbe99e72420ff35c00b27a34cb9937e902a8b810e2c88300c6f0a3b699d"},
]

[[package]]
name = "httpcore"
version = "1.0.5"
description = "A minimal low-level HTTP client."
optional = false
python-versions = ">=3.8"
files = [
    {file = "httpcore-1.0.5-py3-none-any.whl", hash = "sha256:421f18bac248b25d310f3cacd198d55b8e6125c107797b609ff9b7a6ba7991b5"},
    {file = "httpcore-1.0.5.tar.gz", hash = "sha256:34a38e2f9291467ee3b44e89dd52615370e152954ba21721378a87b2960f7a61"},
]

[package.dependencies]
certifi = "*"
h11 = ">=0.13,<0.15"

[package.extras]
asyncio = ["anyio (>=4.0,<5.0)"]
http2 = ["h2 (>=3,<5)"]
socks = ["socksio (==1.*)"]
trio = ["trio (>=0.22.0,<0.26.0)"]

[[package]]
name = "httpx"
version = "0.26.0"
description = "The next generation HTTP client."
optional = false
python-versions = ">=3.8"
files = [
    {file = "httpx-0.26.0-py3-none-any.whl", hash = "sha256:8915f5a3627c4d47b73e8202457cb28f1266982d1159bd5779d86a80c0eab1cd"},
    {file = "httpx-0.26.0.tar.gz", hash = "sha256:451b55c30d5185ea6b23c2c793abf9bb237d2a7dfb901ced6ff69ad37ec1dfaf"},
]

[package.dependencies]
anyio = "*"
certifi = "*"
httpcore = "==1.*"
idna = "*"
sniffio = "*"

[package.extras]
brotli = ["brotli", "brotlicffi"]
cli = ["click (==8.*)", "pygments (==2.*)", "rich (>=10,<14)"]
http2 = ["h2 (>=3,<5)"]
socks = ["socksio (==1.*)"]

[[package]]
name = "idna"
version = "3.7"
description = "Internationalized Domain Names in Applications (IDNA)"
optional = false
python-versions = ">=3.5"
files = [
    {file = "idna-3.7-py3-none-any.whl", hash = "sha256:82fee1fc78add43492d3a1898bfa6d8a904cc97d8427f683ed8e798d07761aa0"},
    {file = "idna-3.7.tar.gz", hash = "sha256:028ff3aadf0609c1fd278d8ea3089299412a7a8b9bd005dd08b9f8285bcb5cfc"},
]

[[package]]
name = "iniconfig"
version = "2.0.0"
description = "brain-dead simple config-ini parsing"
optional = false
python-versions = ">=3.7"
files = [
    {file = "iniconfig-2.0.0-py3-none-any.whl", hash = "sha256:b6a85871a79d2e3b22d2d1b94ac2824226a63c6b741c88f7ae975f18b6778374"},
    {file = "iniconfig-2.0.0.tar.gz", hash = "sha256:2d91e135bf72d31a410b17c16da610a82cb55f6b0477d1a902134b24a455b8b3"},
]

[[package]]
name = "mock"
version = "5.1.0"
description = "Rolling backport of unittest.mock for all Pythons"
optional = false
python-versions = ">=3.6"
files = [
    {file = "mock-5.1.0-py3-none-any.whl", hash = "sha256:18c694e5ae8a208cdb3d2c20a993ca1a7b0efa258c247a1e565150f477f83744"},
    {file = "mock-5.1.0.tar.gz", hash = "sha256:5e96aad5ccda4718e0a229ed94b2024df75cc2d55575ba5762d31f5767b8767d"},
]

[package.extras]
build = ["blurb", "twine", "wheel"]
docs = ["sphinx"]
test = ["pytest", "pytest-cov"]

[[package]]
name = "packaging"
version = "24.1"
description = "Core utilities for Python packages"
optional = false
python-versions = ">=3.8"
files = [
    {file = "packaging-24.1-py3-none-any.whl", hash = "sha256:5b8f2217dbdbd2f7f384c41c628544e6d52f2d0f53c6d0c3ea61aa5d1d7ff124"},
    {file = "packaging-24.1.tar.gz", hash = "sha256:026ed72c8ed3fcce5bf8950572258698927fd1dbda10a5e981cdf0ac37f4f002"},
]

[[package]]
name = "pluggy"
version = "1.5.0"
description = "plugin and hook calling mechanisms for python"
optional = false
python-versions = ">=3.8"
files = [
    {file = "pluggy-1.5.0-py3-none-any.whl", hash = "sha256:44e1ad92c8ca002de6377e165f3e0f1be63266ab4d554740532335b9d75ea669"},
    {file = "pluggy-1.5.0.tar.gz", hash = "sha256:2cffa88e94fdc978c4c574f15f9e59b7f4201d439195c3715ca9e2486f1d0cf1"},
]

[package.extras]
dev = ["pre-commit", "tox"]
testing = ["pytest", "pytest-benchmark"]

[[package]]
name = "pytest"
version = "8.2.2"
description = "pytest: simple powerful testing with Python"
optional = false
python-versions = ">=3.8"
files = [
    {file = "pytest-8.2.2-py3-none-any.whl", hash = "sha256:c434598117762e2bd304e526244f67bf66bbd7b5d6cf22138be51ff661980343"},
    {file = "pytest-8.2.2.tar.gz", hash = "sha256:de4bb8104e201939ccdc688b27a89a7be2079b22e2bd2b07f806b6ba71117977"},
]

[package.dependencies]
colorama = {version = "*", markers = "sys_platform == \"win32\""}
iniconfig = "*"
packaging = "*"
pluggy = ">=1.5,<2.0"

[package.extras]
dev = ["argcomplete", "attrs (>=19.2)", "hypothesis (>=3.56)", "mock", "pygments (>=2.7.2)", "requests", "setuptools", "xmlschema"]

[[package]]
name = "pytest-env"
version = "1.1.3"
description = "pytest plugin that allows you to add environment variables."
optional = false
python-versions = ">=3.8"
files = [
    {file = "pytest_env-1.1.3-py3-none-any.whl", hash = "sha256:aada77e6d09fcfb04540a6e462c58533c37df35fa853da78707b17ec04d17dfc"},
    {file = "pytest_env-1.1.3.tar.gz", hash = "sha256:fcd7dc23bb71efd3d35632bde1bbe5ee8c8dc4489d6617fb010674880d96216b"},
]

[package.dependencies]
pytest = ">=7.4.3"

[package.extras]
test = ["covdefaults (>=2.3)", "coverage (>=7.3.2)", "pytest-mock (>=3.12)"]

[[package]]
name = "pytest-subprocess"
version = "1.5.0"
description = "A plugin to fake subprocess for pytest"
optional = false
python-versions = ">=3.6"
files = [
    {file = "pytest-subprocess-1.5.0.tar.gz", hash = "sha256:d7693b96f588f39b84c7b2b5c04287459246dfae6be1dd4098937a728ad4fbe3"},
    {file = "pytest_subprocess-1.5.0-py3-none-any.whl", hash = "sha256:dfd75b10af6800a89a9b758f2e2eceff9de082a27bd1388521271b6e8bde298b"},
]

[package.dependencies]
pytest = ">=4.0.0"

[package.extras]
dev = ["changelogd", "nox"]
docs = ["changelogd", "furo", "sphinx", "sphinx-autodoc-typehints", "sphinxcontrib-napoleon"]
test = ["Pygments (>=2.0)", "anyio", "coverage", "docutils (>=0.12)", "pytest (>=4.0)", "pytest-asyncio (>=0.15.1)", "pytest-rerunfailures"]

[[package]]
name = "rapidfuzz"
version = "3.9.3"
description = "rapid fuzzy string matching"
optional = false
python-versions = ">=3.8"
files = [
    {file = "rapidfuzz-3.9.3-cp310-cp310-macosx_10_9_x86_64.whl", hash = "sha256:bdb8c5b8e29238ec80727c2ba3b301efd45aa30c6a7001123a6647b8e6f77ea4"},
    {file = "rapidfuzz-3.9.3-cp310-cp310-macosx_11_0_arm64.whl", hash = "sha256:b3bd0d9632088c63a241f217742b1cf86e2e8ae573e01354775bd5016d12138c"},
    {file = "rapidfuzz-3.9.3-cp310-cp310-manylinux_2_17_aarch64.manylinux2014_aarch64.whl", hash = "sha256:153f23c03d4917f6a1fc2fb56d279cc6537d1929237ff08ee7429d0e40464a18"},
    {file = "rapidfuzz-3.9.3-cp310-cp310-manylinux_2_17_i686.manylinux2014_i686.whl", hash = "sha256:a96c5225e840f1587f1bac8fa6f67562b38e095341576e82b728a82021f26d62"},
    {file = "rapidfuzz-3.9.3-cp310-cp310-manylinux_2_17_ppc64le.manylinux2014_ppc64le.whl", hash = "sha256:b777cd910ceecd738adc58593d6ed42e73f60ad04ecdb4a841ae410b51c92e0e"},
    {file = "rapidfuzz-3.9.3-cp310-cp310-manylinux_2_17_s390x.manylinux2014_s390x.whl", hash = "sha256:53e06e4b81f552da04940aa41fc556ba39dee5513d1861144300c36c33265b76"},
    {file = "rapidfuzz-3.9.3-cp310-cp310-manylinux_2_17_x86_64.manylinux2014_x86_64.whl", hash = "sha256:5c7ca5b6050f18fdcacdada2dc5fb7619ff998cd9aba82aed2414eee74ebe6cd"},
    {file = "rapidfuzz-3.9.3-cp310-cp310-musllinux_1_2_aarch64.whl", hash = "sha256:87bb8d84cb41446a808c4b5f746e29d8a53499381ed72f6c4e456fe0f81c80a8"},
    {file = "rapidfuzz-3.9.3-cp310-cp310-musllinux_1_2_i686.whl", hash = "sha256:959a15186d18425d19811bea86a8ffbe19fd48644004d29008e636631420a9b7"},
    {file = "rapidfuzz-3.9.3-cp310-cp310-musllinux_1_2_ppc64le.whl", hash = "sha256:a24603dd05fb4e3c09d636b881ce347e5f55f925a6b1b4115527308a323b9f8e"},
    {file = "rapidfuzz-3.9.3-cp310-cp310-musllinux_1_2_s390x.whl", hash = "sha256:0d055da0e801c71dd74ba81d72d41b2fa32afa182b9fea6b4b199d2ce937450d"},
    {file = "rapidfuzz-3.9.3-cp310-cp310-musllinux_1_2_x86_64.whl", hash = "sha256:875b581afb29a7213cf9d98cb0f98df862f1020bce9d9b2e6199b60e78a41d14"},
    {file = "rapidfuzz-3.9.3-cp310-cp310-win32.whl", hash = "sha256:6073a46f61479a89802e3f04655267caa6c14eb8ac9d81a635a13805f735ebc1"},
    {file = "rapidfuzz-3.9.3-cp310-cp310-win_amd64.whl", hash = "sha256:119c010e20e561249b99ca2627f769fdc8305b07193f63dbc07bca0a6c27e892"},
    {file = "rapidfuzz-3.9.3-cp310-cp310-win_arm64.whl", hash = "sha256:790b0b244f3213581d42baa2fed8875f9ee2b2f9b91f94f100ec80d15b140ba9"},
    {file = "rapidfuzz-3.9.3-cp311-cp311-macosx_10_9_x86_64.whl", hash = "sha256:f57e8305c281e8c8bc720515540e0580355100c0a7a541105c6cafc5de71daae"},
    {file = "rapidfuzz-3.9.3-cp311-cp311-macosx_11_0_arm64.whl", hash = "sha256:a4fc7b784cf987dbddc300cef70e09a92ed1bce136f7bb723ea79d7e297fe76d"},
    {file = "rapidfuzz-3.9.3-cp311-cp311-manylinux_2_17_aarch64.manylinux2014_aarch64.whl", hash = "sha256:5b422c0a6fe139d5447a0766268e68e6a2a8c2611519f894b1f31f0a392b9167"},
    {file = "rapidfuzz-3.9.3-cp311-cp311-manylinux_2_17_i686.manylinux2014_i686.whl", hash = "sha256:f50fed4a9b0c9825ff37cf0bccafd51ff5792090618f7846a7650f21f85579c9"},
    {file = "rapidfuzz-3.9.3-cp311-cp311-manylinux_2_17_ppc64le.manylinux2014_ppc64le.whl", hash = "sha256:b80eb7cbe62348c61d3e67e17057cddfd6defab168863028146e07d5a8b24a89"},
    {file = "rapidfuzz-3.9.3-cp311-cp311-manylinux_2_17_s390x.manylinux2014_s390x.whl", hash = "sha256:65f45be77ec82da32ce5709a362e236ccf801615cc7163b136d1778cf9e31b14"},
    {file = "rapidfuzz-3.9.3-cp311-cp311-manylinux_2_17_x86_64.manylinux2014_x86_64.whl", hash = "sha256:fd84b7f652a5610733400307dc732f57c4a907080bef9520412e6d9b55bc9adc"},
    {file = "rapidfuzz-3.9.3-cp311-cp311-musllinux_1_2_aarch64.whl", hash = "sha256:3e6d27dad8c990218b8cd4a5c99cbc8834f82bb46ab965a7265d5aa69fc7ced7"},
    {file = "rapidfuzz-3.9.3-cp311-cp311-musllinux_1_2_i686.whl", hash = "sha256:05ee0696ebf0dfe8f7c17f364d70617616afc7dafe366532730ca34056065b8a"},
    {file = "rapidfuzz-3.9.3-cp311-cp311-musllinux_1_2_ppc64le.whl", hash = "sha256:2bc8391749e5022cd9e514ede5316f86e332ffd3cfceeabdc0b17b7e45198a8c"},
    {file = "rapidfuzz-3.9.3-cp311-cp311-musllinux_1_2_s390x.whl", hash = "sha256:93981895602cf5944d89d317ae3b1b4cc684d175a8ae2a80ce5b65615e72ddd0"},
    {file = "rapidfuzz-3.9.3-cp311-cp311-musllinux_1_2_x86_64.whl", hash = "sha256:754b719a4990735f66653c9e9261dcf52fd4d925597e43d6b9069afcae700d21"},
    {file = "rapidfuzz-3.9.3-cp311-cp311-win32.whl", hash = "sha256:14c9f268ade4c88cf77ab007ad0fdf63699af071ee69378de89fff7aa3cae134"},
    {file = "rapidfuzz-3.9.3-cp311-cp311-win_amd64.whl", hash = "sha256:bc1991b4cde6c9d3c0bbcb83d5581dc7621bec8c666c095c65b4277233265a82"},
    {file = "rapidfuzz-3.9.3-cp311-cp311-win_arm64.whl", hash = "sha256:0c34139df09a61b1b557ab65782ada971b4a3bce7081d1b2bee45b0a52231adb"},
    {file = "rapidfuzz-3.9.3-cp312-cp312-macosx_10_9_x86_64.whl", hash = "sha256:5d6a210347d6e71234af5c76d55eeb0348b026c9bb98fe7c1cca89bac50fb734"},
    {file = "rapidfuzz-3.9.3-cp312-cp312-macosx_11_0_arm64.whl", hash = "sha256:b300708c917ce52f6075bdc6e05b07c51a085733650f14b732c087dc26e0aaad"},
    {file = "rapidfuzz-3.9.3-cp312-cp312-manylinux_2_17_aarch64.manylinux2014_aarch64.whl", hash = "sha256:83ea7ca577d76778250421de61fb55a719e45b841deb769351fc2b1740763050"},
    {file = "rapidfuzz-3.9.3-cp312-cp312-manylinux_2_17_i686.manylinux2014_i686.whl", hash = "sha256:8319838fb5b7b5f088d12187d91d152b9386ce3979ed7660daa0ed1bff953791"},
    {file = "rapidfuzz-3.9.3-cp312-cp312-manylinux_2_17_ppc64le.manylinux2014_ppc64le.whl", hash = "sha256:505d99131afd21529293a9a7b91dfc661b7e889680b95534756134dc1cc2cd86"},
    {file = "rapidfuzz-3.9.3-cp312-cp312-manylinux_2_17_s390x.manylinux2014_s390x.whl", hash = "sha256:c52970f7784518d7c82b07a62a26e345d2de8c2bd8ed4774e13342e4b3ff4200"},
    {file = "rapidfuzz-3.9.3-cp312-cp312-manylinux_2_17_x86_64.manylinux2014_x86_64.whl", hash = "sha256:143caf7247449055ecc3c1e874b69e42f403dfc049fc2f3d5f70e1daf21c1318"},
    {file = "rapidfuzz-3.9.3-cp312-cp312-musllinux_1_2_aarch64.whl", hash = "sha256:b8ab0fa653d9225195a8ff924f992f4249c1e6fa0aea563f685e71b81b9fcccf"},
    {file = "rapidfuzz-3.9.3-cp312-cp312-musllinux_1_2_i686.whl", hash = "sha256:57e7c5bf7b61c7320cfa5dde1e60e678d954ede9bb7da8e763959b2138391401"},
    {file = "rapidfuzz-3.9.3-cp312-cp312-musllinux_1_2_ppc64le.whl", hash = "sha256:51fa1ba84653ab480a2e2044e2277bd7f0123d6693051729755addc0d015c44f"},
    {file = "rapidfuzz-3.9.3-cp312-cp312-musllinux_1_2_s390x.whl", hash = "sha256:17ff7f7eecdb169f9236e3b872c96dbbaf116f7787f4d490abd34b0116e3e9c8"},
    {file = "rapidfuzz-3.9.3-cp312-cp312-musllinux_1_2_x86_64.whl", hash = "sha256:afe7c72d3f917b066257f7ff48562e5d462d865a25fbcabf40fca303a9fa8d35"},
    {file = "rapidfuzz-3.9.3-cp312-cp312-win32.whl", hash = "sha256:e53ed2e9b32674ce96eed80b3b572db9fd87aae6742941fb8e4705e541d861ce"},
    {file = "rapidfuzz-3.9.3-cp312-cp312-win_amd64.whl", hash = "sha256:35b7286f177e4d8ba1e48b03612f928a3c4bdac78e5651379cec59f95d8651e6"},
    {file = "rapidfuzz-3.9.3-cp312-cp312-win_arm64.whl", hash = "sha256:e6e4b9380ed4758d0cb578b0d1970c3f32dd9e87119378729a5340cb3169f879"},
    {file = "rapidfuzz-3.9.3-cp38-cp38-macosx_10_9_x86_64.whl", hash = "sha256:a39890013f6d5b056cc4bfdedc093e322462ece1027a57ef0c636537bdde7531"},
    {file = "rapidfuzz-3.9.3-cp38-cp38-macosx_11_0_arm64.whl", hash = "sha256:b5bc0fdbf419493163c5c9cb147c5fbe95b8e25844a74a8807dcb1a125e630cf"},
    {file = "rapidfuzz-3.9.3-cp38-cp38-manylinux_2_17_aarch64.manylinux2014_aarch64.whl", hash = "sha256:efe6e200a75a792d37b960457904c4fce7c928a96ae9e5d21d2bd382fe39066e"},
    {file = "rapidfuzz-3.9.3-cp38-cp38-manylinux_2_17_i686.manylinux2014_i686.whl", hash = "sha256:de077c468c225d4c18f7188c47d955a16d65f21aab121cbdd98e3e2011002c37"},
    {file = "rapidfuzz-3.9.3-cp38-cp38-manylinux_2_17_ppc64le.manylinux2014_ppc64le.whl", hash = "sha256:8f917eaadf5388466a95f6a236f678a1588d231e52eda85374077101842e794e"},
    {file = "rapidfuzz-3.9.3-cp38-cp38-manylinux_2_17_s390x.manylinux2014_s390x.whl", hash = "sha256:858ba57c05afd720db8088a8707079e8d024afe4644001fe0dbd26ef7ca74a65"},
    {file = "rapidfuzz-3.9.3-cp38-cp38-manylinux_2_17_x86_64.manylinux2014_x86_64.whl", hash = "sha256:d36447d21b05f90282a6f98c5a33771805f9222e5d0441d03eb8824e33e5bbb4"},
    {file = "rapidfuzz-3.9.3-cp38-cp38-musllinux_1_2_aarch64.whl", hash = "sha256:acbe4b6f1ccd5b90c29d428e849aa4242e51bb6cab0448d5f3c022eb9a25f7b1"},
    {file = "rapidfuzz-3.9.3-cp38-cp38-musllinux_1_2_i686.whl", hash = "sha256:53c7f27cdf899e94712972237bda48cfd427646aa6f5d939bf45d084780e4c16"},
    {file = "rapidfuzz-3.9.3-cp38-cp38-musllinux_1_2_ppc64le.whl", hash = "sha256:6175682a829c6dea4d35ed707f1dadc16513270ef64436568d03b81ccb6bdb74"},
    {file = "rapidfuzz-3.9.3-cp38-cp38-musllinux_1_2_s390x.whl", hash = "sha256:5276df395bd8497397197fca2b5c85f052d2e6a66ffc3eb0544dd9664d661f95"},
    {file = "rapidfuzz-3.9.3-cp38-cp38-musllinux_1_2_x86_64.whl", hash = "sha256:77b5c4f3e72924d7845f0e189c304270066d0f49635cf8a3938e122c437e58de"},
    {file = "rapidfuzz-3.9.3-cp38-cp38-win32.whl", hash = "sha256:8add34061e5cd561c72ed4febb5c15969e7b25bda2bb5102d02afc3abc1f52d0"},
    {file = "rapidfuzz-3.9.3-cp38-cp38-win_amd64.whl", hash = "sha256:604e0502a39cf8e67fa9ad239394dddad4cdef6d7008fdb037553817d420e108"},
    {file = "rapidfuzz-3.9.3-cp39-cp39-macosx_10_9_x86_64.whl", hash = "sha256:21047f55d674614eb4b0ab34e35c3dc66f36403b9fbfae645199c4a19d4ed447"},
    {file = "rapidfuzz-3.9.3-cp39-cp39-macosx_11_0_arm64.whl", hash = "sha256:a56da3aff97cb56fe85d9ca957d1f55dbac7c27da927a86a2a86d8a7e17f80aa"},
    {file = "rapidfuzz-3.9.3-cp39-cp39-manylinux_2_17_aarch64.manylinux2014_aarch64.whl", hash = "sha256:964c08481aec2fe574f0062e342924db2c6b321391aeb73d68853ed42420fd6d"},
    {file = "rapidfuzz-3.9.3-cp39-cp39-manylinux_2_17_i686.manylinux2014_i686.whl", hash = "sha256:5e2b827258beefbe5d3f958243caa5a44cf46187eff0c20e0b2ab62d1550327a"},
    {file = "rapidfuzz-3.9.3-cp39-cp39-manylinux_2_17_ppc64le.manylinux2014_ppc64le.whl", hash = "sha256:c6e65a301fcd19fbfbee3a514cc0014ff3f3b254b9fd65886e8a9d6957fb7bca"},
    {file = "rapidfuzz-3.9.3-cp39-cp39-manylinux_2_17_s390x.manylinux2014_s390x.whl", hash = "sha256:cbe93ba1725a8d47d2b9dca6c1f435174859427fbc054d83de52aea5adc65729"},
    {file = "rapidfuzz-3.9.3-cp39-cp39-manylinux_2_17_x86_64.manylinux2014_x86_64.whl", hash = "sha256:aca21c0a34adee582775da997a600283e012a608a107398d80a42f9a57ad323d"},
    {file = "rapidfuzz-3.9.3-cp39-cp39-musllinux_1_2_aarch64.whl", hash = "sha256:256e07d3465173b2a91c35715a2277b1ee3ae0b9bbab4e519df6af78570741d0"},
    {file = "rapidfuzz-3.9.3-cp39-cp39-musllinux_1_2_i686.whl", hash = "sha256:802ca2cc8aa6b8b34c6fdafb9e32540c1ba05fca7ad60b3bbd7ec89ed1797a87"},
    {file = "rapidfuzz-3.9.3-cp39-cp39-musllinux_1_2_ppc64le.whl", hash = "sha256:dd789100fc852cffac1449f82af0da139d36d84fd9faa4f79fc4140a88778343"},
    {file = "rapidfuzz-3.9.3-cp39-cp39-musllinux_1_2_s390x.whl", hash = "sha256:5d0abbacdb06e27ff803d7ae0bd0624020096802758068ebdcab9bd49cf53115"},
    {file = "rapidfuzz-3.9.3-cp39-cp39-musllinux_1_2_x86_64.whl", hash = "sha256:378d1744828e27490a823fc6fe6ebfb98c15228d54826bf4e49e4b76eb5f5579"},
    {file = "rapidfuzz-3.9.3-cp39-cp39-win32.whl", hash = "sha256:5d0cb272d43e6d3c0dedefdcd9d00007471f77b52d2787a4695e9dd319bb39d2"},
    {file = "rapidfuzz-3.9.3-cp39-cp39-win_amd64.whl", hash = "sha256:15e4158ac4b3fb58108072ec35b8a69165f651ba1c8f43559a36d518dbf9fb3f"},
    {file = "rapidfuzz-3.9.3-cp39-cp39-win_arm64.whl", hash = "sha256:58c6a4936190c558d5626b79fc9e16497e5df7098589a7e80d8bff68148ff096"},
    {file = "rapidfuzz-3.9.3-pp310-pypy310_pp73-macosx_10_9_x86_64.whl", hash = "sha256:5410dc848c947a603792f4f51b904a3331cf1dc60621586bfbe7a6de72da1091"},
    {file = "rapidfuzz-3.9.3-pp310-pypy310_pp73-macosx_11_0_arm64.whl", hash = "sha256:282d55700a1a3d3a7980746eb2fcd48c9bbc1572ebe0840d0340d548a54d01fe"},
    {file = "rapidfuzz-3.9.3-pp310-pypy310_pp73-manylinux_2_17_aarch64.manylinux2014_aarch64.whl", hash = "sha256:dc1037507810833646481f5729901a154523f98cbebb1157ba3a821012e16402"},
    {file = "rapidfuzz-3.9.3-pp310-pypy310_pp73-manylinux_2_17_i686.manylinux2014_i686.whl", hash = "sha256:5e33f779391caedcba2ba3089fb6e8e557feab540e9149a5c3f7fea7a3a7df37"},
    {file = "rapidfuzz-3.9.3-pp310-pypy310_pp73-manylinux_2_17_x86_64.manylinux2014_x86_64.whl", hash = "sha256:41a81a9f311dc83d22661f9b1a1de983b201322df0c4554042ffffd0f2040c37"},
    {file = "rapidfuzz-3.9.3-pp310-pypy310_pp73-win_amd64.whl", hash = "sha256:a93250bd8fae996350c251e1752f2c03335bb8a0a5b0c7e910a593849121a435"},
    {file = "rapidfuzz-3.9.3-pp38-pypy38_pp73-macosx_10_9_x86_64.whl", hash = "sha256:3617d1aa7716c57d120b6adc8f7c989f2d65bc2b0cbd5f9288f1fc7bf469da11"},
    {file = "rapidfuzz-3.9.3-pp38-pypy38_pp73-macosx_11_0_arm64.whl", hash = "sha256:ad04a3f5384b82933213bba2459f6424decc2823df40098920856bdee5fd6e88"},
    {file = "rapidfuzz-3.9.3-pp38-pypy38_pp73-manylinux_2_17_aarch64.manylinux2014_aarch64.whl", hash = "sha256:8709918da8a88ad73c9d4dd0ecf24179a4f0ceba0bee21efc6ea21a8b5290349"},
    {file = "rapidfuzz-3.9.3-pp38-pypy38_pp73-manylinux_2_17_i686.manylinux2014_i686.whl", hash = "sha256:b770f85eab24034e6ef7df04b2bfd9a45048e24f8a808e903441aa5abde8ecdd"},
    {file = "rapidfuzz-3.9.3-pp38-pypy38_pp73-manylinux_2_17_x86_64.manylinux2014_x86_64.whl", hash = "sha256:930b4e6fdb4d914390141a2b99a6f77a52beacf1d06aa4e170cba3a98e24c1bc"},
    {file = "rapidfuzz-3.9.3-pp38-pypy38_pp73-win_amd64.whl", hash = "sha256:c8444e921bfc3757c475c4f4d7416a7aa69b2d992d5114fe55af21411187ab0d"},
    {file = "rapidfuzz-3.9.3-pp39-pypy39_pp73-macosx_10_9_x86_64.whl", hash = "sha256:2c1d3ef3878f871abe6826e386c3d61b5292ef5f7946fe646f4206b85836b5da"},
    {file = "rapidfuzz-3.9.3-pp39-pypy39_pp73-macosx_11_0_arm64.whl", hash = "sha256:d861bf326ee7dabc35c532a40384541578cd1ec1e1b7db9f9ecbba56eb76ca22"},
    {file = "rapidfuzz-3.9.3-pp39-pypy39_pp73-manylinux_2_17_aarch64.manylinux2014_aarch64.whl", hash = "sha256:cde6b9d9ba5007077ee321ec722fa714ebc0cbd9a32ccf0f4dd3cc3f20952d71"},
    {file = "rapidfuzz-3.9.3-pp39-pypy39_pp73-manylinux_2_17_i686.manylinux2014_i686.whl", hash = "sha256:3bb6546e7b6bed1aefbe24f68a5fb9b891cc5aef61bca6c1a7b1054b7f0359bb"},
    {file = "rapidfuzz-3.9.3-pp39-pypy39_pp73-manylinux_2_17_x86_64.manylinux2014_x86_64.whl", hash = "sha256:3d8a57261ef7996d5ced7c8cba9189ada3fbeffd1815f70f635e4558d93766cb"},
    {file = "rapidfuzz-3.9.3-pp39-pypy39_pp73-win_amd64.whl", hash = "sha256:67201c02efc596923ad950519e0b75ceb78d524177ea557134d6567b9ac2c283"},
    {file = "rapidfuzz-3.9.3.tar.gz", hash = "sha256:b398ea66e8ed50451bce5997c430197d5e4b06ac4aa74602717f792d8d8d06e2"},
]

[package.extras]
full = ["numpy"]

[[package]]
name = "sniffio"
version = "1.3.1"
description = "Sniff out which async library your code is running under"
optional = false
python-versions = ">=3.7"
files = [
    {file = "sniffio-1.3.1-py3-none-any.whl", hash = "sha256:2f6da418d1f1e0fddd844478f41680e794e6051915791a034ff65e5f100525a2"},
    {file = "sniffio-1.3.1.tar.gz", hash = "sha256:f4324edc670a0f49750a81b895f35c3adb843cca46f0530f79fc1babb23789dc"},
]

[metadata]
lock-version = "2.0"
python-versions = "^3.12"
content-hash = "b53fe9c62e79f2af5faabcc277aa801da8b13df0de0d84b243c8655900bc3acf"
